// !$*UTF8*$!
{
	archiveVersion = 1;
	classes = {
	};
	objectVersion = 55;
	objects = {

/* Begin PBXBuildFile section */
		64708F9E2AD98113001FE5A6 /* CreatureEditor.swift in Sources */ = {isa = PBXBuildFile; fileRef = 64708F9D2AD98113001FE5A6 /* CreatureEditor.swift */; };
		64708F9F2AD98113001FE5A6 /* CreatureEditor.swift in Sources */ = {isa = PBXBuildFile; fileRef = 64708F9D2AD98113001FE5A6 /* CreatureEditor.swift */; };
		64708FA12AD98F1E001FE5A6 /* CreatureRow.swift in Sources */ = {isa = PBXBuildFile; fileRef = 64708FA02AD98F1E001FE5A6 /* CreatureRow.swift */; };
		64708FA22AD98F1E001FE5A6 /* CreatureRow.swift in Sources */ = {isa = PBXBuildFile; fileRef = 64708FA02AD98F1E001FE5A6 /* CreatureRow.swift */; };
		64708FA42AD98F9E001FE5A6 /* ResizableFont.swift in Sources */ = {isa = PBXBuildFile; fileRef = 64708FA32AD98F9E001FE5A6 /* ResizableFont.swift */; };
		64708FA52AD98F9E001FE5A6 /* ResizableFont.swift in Sources */ = {isa = PBXBuildFile; fileRef = 64708FA32AD98F9E001FE5A6 /* ResizableFont.swift */; };
		64708FA72AD9C0C2001FE5A6 /* CreatureZoo.swift in Sources */ = {isa = PBXBuildFile; fileRef = 64708FA62AD9C0C2001FE5A6 /* CreatureZoo.swift */; };
		64708FA82AD9C0C2001FE5A6 /* CreatureZoo.swift in Sources */ = {isa = PBXBuildFile; fileRef = 64708FA62AD9C0C2001FE5A6 /* CreatureZoo.swift */; };
		647219472ADD7AED0078AE73 /* CreatureDetail.swift in Sources */ = {isa = PBXBuildFile; fileRef = 647219462ADD7AED0078AE73 /* CreatureDetail.swift */; };
		647219482ADD7AED0078AE73 /* CreatureDetail.swift in Sources */ = {isa = PBXBuildFile; fileRef = 647219462ADD7AED0078AE73 /* CreatureDetail.swift */; };
		64D67B5B2A81126700969975 /* JustSampleApp.swift in Sources */ = {isa = PBXBuildFile; fileRef = 64D67B4B2A81126300969975 /* JustSampleApp.swift */; };
		64D67B5C2A81126700969975 /* JustSampleApp.swift in Sources */ = {isa = PBXBuildFile; fileRef = 64D67B4B2A81126300969975 /* JustSampleApp.swift */; };
		64D67B5D2A81126700969975 /* ContentView.swift in Sources */ = {isa = PBXBuildFile; fileRef = 64D67B4C2A81126300969975 /* ContentView.swift */; };
		64D67B5E2A81126700969975 /* ContentView.swift in Sources */ = {isa = PBXBuildFile; fileRef = 64D67B4C2A81126300969975 /* ContentView.swift */; };
		64D67B5F2A81126700969975 /* Assets.xcassets in Resources */ = {isa = PBXBuildFile; fileRef = 64D67B4D2A81126600969975 /* Assets.xcassets */; };
		64D67B602A81126700969975 /* Assets.xcassets in Resources */ = {isa = PBXBuildFile; fileRef = 64D67B4D2A81126600969975 /* Assets.xcassets */; };
/* End PBXBuildFile section */

/* Begin PBXFileReference section */
		64708F9D2AD98113001FE5A6 /* CreatureEditor.swift */ = {isa = PBXFileReference; lastKnownFileType = sourcecode.swift; path = CreatureEditor.swift; sourceTree = "<group>"; };
		64708FA02AD98F1E001FE5A6 /* CreatureRow.swift */ = {isa = PBXFileReference; lastKnownFileType = sourcecode.swift; path = CreatureRow.swift; sourceTree = "<group>"; };
		64708FA32AD98F9E001FE5A6 /* ResizableFont.swift */ = {isa = PBXFileReference; lastKnownFileType = sourcecode.swift; path = ResizableFont.swift; sourceTree = "<group>"; };
		64708FA62AD9C0C2001FE5A6 /* CreatureZoo.swift */ = {isa = PBXFileReference; lastKnownFileType = sourcecode.swift; path = CreatureZoo.swift; sourceTree = "<group>"; };
		647219462ADD7AED0078AE73 /* CreatureDetail.swift */ = {isa = PBXFileReference; lastKnownFileType = sourcecode.swift; path = CreatureDetail.swift; sourceTree = "<group>"; };
		64D67B4B2A81126300969975 /* JustSampleApp.swift */ = {isa = PBXFileReference; lastKnownFileType = sourcecode.swift; path = JustSampleApp.swift; sourceTree = "<group>"; };
		64D67B4C2A81126300969975 /* ContentView.swift */ = {isa = PBXFileReference; lastKnownFileType = sourcecode.swift; path = ContentView.swift; sourceTree = "<group>"; };
		64D67B4D2A81126600969975 /* Assets.xcassets */ = {isa = PBXFileReference; lastKnownFileType = folder.assetcatalog; path = Assets.xcassets; sourceTree = "<group>"; };
		64D67B522A81126600969975 /* JustSample.app */ = {isa = PBXFileReference; explicitFileType = wrapper.application; includeInIndex = 0; path = JustSample.app; sourceTree = BUILT_PRODUCTS_DIR; };
		64D67B582A81126700969975 /* JustSample.app */ = {isa = PBXFileReference; explicitFileType = wrapper.application; includeInIndex = 0; path = JustSample.app; sourceTree = BUILT_PRODUCTS_DIR; };
		64D67B5A2A81126700969975 /* macOS.entitlements */ = {isa = PBXFileReference; lastKnownFileType = text.plist.entitlements; path = macOS.entitlements; sourceTree = "<group>"; };
/* End PBXFileReference section */

/* Begin PBXFrameworksBuildPhase section */
		64D67B4F2A81126600969975 /* Frameworks */ = {
			isa = PBXFrameworksBuildPhase;
			buildActionMask = 2147483647;
			files = (
			);
			runOnlyForDeploymentPostprocessing = 0;
		};
		64D67B552A81126700969975 /* Frameworks */ = {
			isa = PBXFrameworksBuildPhase;
			buildActionMask = 2147483647;
			files = (
			);
			runOnlyForDeploymentPostprocessing = 0;
		};
/* End PBXFrameworksBuildPhase section */

/* Begin PBXGroup section */
		64D67B452A81126300969975 = {
			isa = PBXGroup;
			children = (
				64D67B4A2A81126300969975 /* Shared */,
				64D67B592A81126700969975 /* macOS */,
				64D67B532A81126600969975 /* Products */,
			);
			sourceTree = "<group>";
		};
		64D67B4A2A81126300969975 /* Shared */ = {
			isa = PBXGroup;
			children = (
				64D67B4B2A81126300969975 /* JustSampleApp.swift */,
				64D67B4C2A81126300969975 /* ContentView.swift */,
				64D67B4D2A81126600969975 /* Assets.xcassets */,
				64708F9D2AD98113001FE5A6 /* CreatureEditor.swift */,
				64708FA02AD98F1E001FE5A6 /* CreatureRow.swift */,
				64708FA32AD98F9E001FE5A6 /* ResizableFont.swift */,
				64708FA62AD9C0C2001FE5A6 /* CreatureZoo.swift */,
				647219462ADD7AED0078AE73 /* CreatureDetail.swift */,
			);
			path = Shared;
			sourceTree = "<group>";
		};
		64D67B532A81126600969975 /* Products */ = {
			isa = PBXGroup;
			children = (
				64D67B522A81126600969975 /* JustSample.app */,
				64D67B582A81126700969975 /* JustSample.app */,
			);
			name = Products;
			sourceTree = "<group>";
		};
		64D67B592A81126700969975 /* macOS */ = {
			isa = PBXGroup;
			children = (
				64D67B5A2A81126700969975 /* macOS.entitlements */,
			);
			path = macOS;
			sourceTree = "<group>";
		};
/* End PBXGroup section */

/* Begin PBXNativeTarget section */
		64D67B512A81126600969975 /* JustSample (iOS) */ = {
			isa = PBXNativeTarget;
			buildConfigurationList = 64D67B632A81126700969975 /* Build configuration list for PBXNativeTarget "JustSample (iOS)" */;
			buildPhases = (
				64D67B4E2A81126600969975 /* Sources */,
				64D67B4F2A81126600969975 /* Frameworks */,
				64D67B502A81126600969975 /* Resources */,
			);
			buildRules = (
			);
			dependencies = (
			);
			name = "JustSample (iOS)";
			productName = "JustSample (iOS)";
			productReference = 64D67B522A81126600969975 /* JustSample.app */;
			productType = "com.apple.product-type.application";
		};
		64D67B572A81126700969975 /* JustSample (macOS) */ = {
			isa = PBXNativeTarget;
			buildConfigurationList = 64D67B662A81126700969975 /* Build configuration list for PBXNativeTarget "JustSample (macOS)" */;
			buildPhases = (
				64D67B542A81126700969975 /* Sources */,
				64D67B552A81126700969975 /* Frameworks */,
				64D67B562A81126700969975 /* Resources */,
			);
			buildRules = (
			);
			dependencies = (
			);
			name = "JustSample (macOS)";
			productName = "JustSample (macOS)";
			productReference = 64D67B582A81126700969975 /* JustSample.app */;
			productType = "com.apple.product-type.application";
		};
/* End PBXNativeTarget section */

/* Begin PBXProject section */
		64D67B462A81126300969975 /* Project object */ = {
			isa = PBXProject;
			attributes = {
				BuildIndependentTargetsInParallel = 1;
				LastSwiftUpdateCheck = 1340;
				LastUpgradeCheck = 1340;
				TargetAttributes = {
					64D67B512A81126600969975 = {
						CreatedOnToolsVersion = 13.4.1;
					};
					64D67B572A81126700969975 = {
						CreatedOnToolsVersion = 13.4.1;
					};
				};
			};
			buildConfigurationList = 64D67B492A81126300969975 /* Build configuration list for PBXProject "JustSample" */;
			compatibilityVersion = "Xcode 13.0";
			developmentRegion = en;
			hasScannedForEncodings = 0;
			knownRegions = (
				en,
				Base,
			);
			mainGroup = 64D67B452A81126300969975;
			productRefGroup = 64D67B532A81126600969975 /* Products */;
			projectDirPath = "";
			projectRoot = "";
			targets = (
				64D67B512A81126600969975 /* JustSample (iOS) */,
				64D67B572A81126700969975 /* JustSample (macOS) */,
			);
		};
/* End PBXProject section */

/* Begin PBXResourcesBuildPhase section */
		64D67B502A81126600969975 /* Resources */ = {
			isa = PBXResourcesBuildPhase;
			buildActionMask = 2147483647;
			files = (
				64D67B5F2A81126700969975 /* Assets.xcassets in Resources */,
			);
			runOnlyForDeploymentPostprocessing = 0;
		};
		64D67B562A81126700969975 /* Resources */ = {
			isa = PBXResourcesBuildPhase;
			buildActionMask = 2147483647;
			files = (
				64D67B602A81126700969975 /* Assets.xcassets in Resources */,
			);
			runOnlyForDeploymentPostprocessing = 0;
		};
/* End PBXResourcesBuildPhase section */

/* Begin PBXSourcesBuildPhase section */
		64D67B4E2A81126600969975 /* Sources */ = {
			isa = PBXSourcesBuildPhase;
			buildActionMask = 2147483647;
			files = (
				64D67B5D2A81126700969975 /* ContentView.swift in Sources */,
				64D67B5B2A81126700969975 /* JustSampleApp.swift in Sources */,
				64708F9E2AD98113001FE5A6 /* CreatureEditor.swift in Sources */,
				64708FA72AD9C0C2001FE5A6 /* CreatureZoo.swift in Sources */,
				647219472ADD7AED0078AE73 /* CreatureDetail.swift in Sources */,
				64708FA12AD98F1E001FE5A6 /* CreatureRow.swift in Sources */,
				64708FA42AD98F9E001FE5A6 /* ResizableFont.swift in Sources */,
			);
			runOnlyForDeploymentPostprocessing = 0;
		};
		64D67B542A81126700969975 /* Sources */ = {
			isa = PBXSourcesBuildPhase;
			buildActionMask = 2147483647;
			files = (
				64D67B5E2A81126700969975 /* ContentView.swift in Sources */,
				64D67B5C2A81126700969975 /* JustSampleApp.swift in Sources */,
				64708F9F2AD98113001FE5A6 /* CreatureEditor.swift in Sources */,
				64708FA82AD9C0C2001FE5A6 /* CreatureZoo.swift in Sources */,
				647219482ADD7AED0078AE73 /* CreatureDetail.swift in Sources */,
				64708FA22AD98F1E001FE5A6 /* CreatureRow.swift in Sources */,
				64708FA52AD98F9E001FE5A6 /* ResizableFont.swift in Sources */,
			);
			runOnlyForDeploymentPostprocessing = 0;
		};
/* End PBXSourcesBuildPhase section */

/* Begin XCBuildConfiguration section */
		64D67B612A81126700969975 /* Debug */ = {
			isa = XCBuildConfiguration;
			buildSettings = {
				ALWAYS_SEARCH_USER_PATHS = NO;
				CLANG_ANALYZER_NONNULL = YES;
				CLANG_ANALYZER_NUMBER_OBJECT_CONVERSION = YES_AGGRESSIVE;
				CLANG_CXX_LANGUAGE_STANDARD = "gnu++17";
				CLANG_ENABLE_MODULES = YES;
				CLANG_ENABLE_OBJC_ARC = YES;
				CLANG_ENABLE_OBJC_WEAK = YES;
				CLANG_WARN_BLOCK_CAPTURE_AUTORELEASING = YES;
				CLANG_WARN_BOOL_CONVERSION = YES;
				CLANG_WARN_COMMA = YES;
				CLANG_WARN_CONSTANT_CONVERSION = YES;
				CLANG_WARN_DEPRECATED_OBJC_IMPLEMENTATIONS = YES;
				CLANG_WARN_DIRECT_OBJC_ISA_USAGE = YES_ERROR;
				CLANG_WARN_DOCUMENTATION_COMMENTS = YES;
				CLANG_WARN_EMPTY_BODY = YES;
				CLANG_WARN_ENUM_CONVERSION = YES;
				CLANG_WARN_INFINITE_RECURSION = YES;
				CLANG_WARN_INT_CONVERSION = YES;
				CLANG_WARN_NON_LITERAL_NULL_CONVERSION = YES;
				CLANG_WARN_OBJC_IMPLICIT_RETAIN_SELF = YES;
				CLANG_WARN_OBJC_LITERAL_CONVERSION = YES;
				CLANG_WARN_OBJC_ROOT_CLASS = YES_ERROR;
				CLANG_WARN_QUOTED_INCLUDE_IN_FRAMEWORK_HEADER = YES;
				CLANG_WARN_RANGE_LOOP_ANALYSIS = YES;
				CLANG_WARN_STRICT_PROTOTYPES = YES;
				CLANG_WARN_SUSPICIOUS_MOVE = YES;
				CLANG_WARN_UNGUARDED_AVAILABILITY = YES_AGGRESSIVE;
				CLANG_WARN_UNREACHABLE_CODE = YES;
				CLANG_WARN__DUPLICATE_METHOD_MATCH = YES;
				COPY_PHASE_STRIP = NO;
				DEBUG_INFORMATION_FORMAT = dwarf;
				ENABLE_STRICT_OBJC_MSGSEND = YES;
				ENABLE_TESTABILITY = YES;
				GCC_C_LANGUAGE_STANDARD = gnu11;
				GCC_DYNAMIC_NO_PIC = NO;
				GCC_NO_COMMON_BLOCKS = YES;
				GCC_OPTIMIZATION_LEVEL = 0;
				GCC_PREPROCESSOR_DEFINITIONS = (
					"DEBUG=1",
					"$(inherited)",
				);
				GCC_WARN_64_TO_32_BIT_CONVERSION = YES;
				GCC_WARN_ABOUT_RETURN_TYPE = YES_ERROR;
				GCC_WARN_UNDECLARED_SELECTOR = YES;
				GCC_WARN_UNINITIALIZED_AUTOS = YES_AGGRESSIVE;
				GCC_WARN_UNUSED_FUNCTION = YES;
				GCC_WARN_UNUSED_VARIABLE = YES;
				MTL_ENABLE_DEBUG_INFO = INCLUDE_SOURCE;
				MTL_FAST_MATH = YES;
				ONLY_ACTIVE_ARCH = YES;
				SWIFT_ACTIVE_COMPILATION_CONDITIONS = DEBUG;
				SWIFT_OPTIMIZATION_LEVEL = "-Onone";
			};
			name = Debug;
		};
		64D67B622A81126700969975 /* Release */ = {
			isa = XCBuildConfiguration;
			buildSettings = {
				ALWAYS_SEARCH_USER_PATHS = NO;
				CLANG_ANALYZER_NONNULL = YES;
				CLANG_ANALYZER_NUMBER_OBJECT_CONVERSION = YES_AGGRESSIVE;
				CLANG_CXX_LANGUAGE_STANDARD = "gnu++17";
				CLANG_ENABLE_MODULES = YES;
				CLANG_ENABLE_OBJC_ARC = YES;
				CLANG_ENABLE_OBJC_WEAK = YES;
				CLANG_WARN_BLOCK_CAPTURE_AUTORELEASING = YES;
				CLANG_WARN_BOOL_CONVERSION = YES;
				CLANG_WARN_COMMA = YES;
				CLANG_WARN_CONSTANT_CONVERSION = YES;
				CLANG_WARN_DEPRECATED_OBJC_IMPLEMENTATIONS = YES;
				CLANG_WARN_DIRECT_OBJC_ISA_USAGE = YES_ERROR;
				CLANG_WARN_DOCUMENTATION_COMMENTS = YES;
				CLANG_WARN_EMPTY_BODY = YES;
				CLANG_WARN_ENUM_CONVERSION = YES;
				CLANG_WARN_INFINITE_RECURSION = YES;
				CLANG_WARN_INT_CONVERSION = YES;
				CLANG_WARN_NON_LITERAL_NULL_CONVERSION = YES;
				CLANG_WARN_OBJC_IMPLICIT_RETAIN_SELF = YES;
				CLANG_WARN_OBJC_LITERAL_CONVERSION = YES;
				CLANG_WARN_OBJC_ROOT_CLASS = YES_ERROR;
				CLANG_WARN_QUOTED_INCLUDE_IN_FRAMEWORK_HEADER = YES;
				CLANG_WARN_RANGE_LOOP_ANALYSIS = YES;
				CLANG_WARN_STRICT_PROTOTYPES = YES;
				CLANG_WARN_SUSPICIOUS_MOVE = YES;
				CLANG_WARN_UNGUARDED_AVAILABILITY = YES_AGGRESSIVE;
				CLANG_WARN_UNREACHABLE_CODE = YES;
				CLANG_WARN__DUPLICATE_METHOD_MATCH = YES;
				COPY_PHASE_STRIP = NO;
				DEBUG_INFORMATION_FORMAT = "dwarf-with-dsym";
				ENABLE_NS_ASSERTIONS = NO;
				ENABLE_STRICT_OBJC_MSGSEND = YES;
				GCC_C_LANGUAGE_STANDARD = gnu11;
				GCC_NO_COMMON_BLOCKS = YES;
				GCC_WARN_64_TO_32_BIT_CONVERSION = YES;
				GCC_WARN_ABOUT_RETURN_TYPE = YES_ERROR;
				GCC_WARN_UNDECLARED_SELECTOR = YES;
				GCC_WARN_UNINITIALIZED_AUTOS = YES_AGGRESSIVE;
				GCC_WARN_UNUSED_FUNCTION = YES;
				GCC_WARN_UNUSED_VARIABLE = YES;
				MTL_ENABLE_DEBUG_INFO = NO;
				MTL_FAST_MATH = YES;
				SWIFT_COMPILATION_MODE = wholemodule;
				SWIFT_OPTIMIZATION_LEVEL = "-O";
			};
			name = Release;
		};
		64D67B642A81126700969975 /* Debug */ = {
			isa = XCBuildConfiguration;
			buildSettings = {
				ASSETCATALOG_COMPILER_APPICON_NAME = AppIcon;
				ASSETCATALOG_COMPILER_GLOBAL_ACCENT_COLOR_NAME = AccentColor;
				CODE_SIGN_STYLE = Automatic;
				CURRENT_PROJECT_VERSION = 1;
				ENABLE_PREVIEWS = YES;
				GENERATE_INFOPLIST_FILE = YES;
				INFOPLIST_KEY_UIApplicationSceneManifest_Generation = YES;
				INFOPLIST_KEY_UIApplicationSupportsIndirectInputEvents = YES;
				INFOPLIST_KEY_UILaunchScreen_Generation = YES;
				INFOPLIST_KEY_UISupportedInterfaceOrientations_iPad = "UIInterfaceOrientationPortrait UIInterfaceOrientationPortraitUpsideDown UIInterfaceOrientationLandscapeLeft UIInterfaceOrientationLandscapeRight";
				INFOPLIST_KEY_UISupportedInterfaceOrientations_iPhone = "UIInterfaceOrientationPortrait UIInterfaceOrientationLandscapeLeft UIInterfaceOrientationLandscapeRight";
				IPHONEOS_DEPLOYMENT_TARGET = 15.5;
				LD_RUNPATH_SEARCH_PATHS = (
					"$(inherited)",
					"@executable_path/Frameworks",
				);
				MARKETING_VERSION = 1.0;
				PRODUCT_BUNDLE_IDENTIFIER = pashka.JustSample;
				PRODUCT_NAME = JustSample;
				SDKROOT = iphoneos;
				SWIFT_EMIT_LOC_STRINGS = YES;
				SWIFT_VERSION = 5.0;
				TARGETED_DEVICE_FAMILY = "1,2";
			};
			name = Debug;
		};
		64D67B652A81126700969975 /* Release */ = {
			isa = XCBuildConfiguration;
			buildSettings = {
				ASSETCATALOG_COMPILER_APPICON_NAME = AppIcon;
				ASSETCATALOG_COMPILER_GLOBAL_ACCENT_COLOR_NAME = AccentColor;
				CODE_SIGN_STYLE = Automatic;
				CURRENT_PROJECT_VERSION = 1;
				ENABLE_PREVIEWS = YES;
				GENERATE_INFOPLIST_FILE = YES;
				INFOPLIST_KEY_UIApplicationSceneManifest_Generation = YES;
				INFOPLIST_KEY_UIApplicationSupportsIndirectInputEvents = YES;
				INFOPLIST_KEY_UILaunchScreen_Generation = YES;
				INFOPLIST_KEY_UISupportedInterfaceOrientations_iPad = "UIInterfaceOrientationPortrait UIInterfaceOrientationPortraitUpsideDown UIInterfaceOrientationLandscapeLeft UIInterfaceOrientationLandscapeRight";
				INFOPLIST_KEY_UISupportedInterfaceOrientations_iPhone = "UIInterfaceOrientationPortrait UIInterfaceOrientationLandscapeLeft UIInterfaceOrientationLandscapeRight";
				IPHONEOS_DEPLOYMENT_TARGET = 15.5;
				LD_RUNPATH_SEARCH_PATHS = (
					"$(inherited)",
					"@executable_path/Frameworks",
				);
				MARKETING_VERSION = 1.0;
				PRODUCT_BUNDLE_IDENTIFIER = pashka.JustSample;
				PRODUCT_NAME = JustSample;
				SDKROOT = iphoneos;
				SWIFT_EMIT_LOC_STRINGS = YES;
				SWIFT_VERSION = 5.0;
				TARGETED_DEVICE_FAMILY = "1,2";
				VALIDATE_PRODUCT = YES;
			};
			name = Release;
		};
		64D67B672A81126700969975 /* Debug */ = {
			isa = XCBuildConfiguration;
			buildSettings = {
				ASSETCATALOG_COMPILER_APPICON_NAME = AppIcon;
				ASSETCATALOG_COMPILER_GLOBAL_ACCENT_COLOR_NAME = AccentColor;
				CODE_SIGN_ENTITLEMENTS = macOS/macOS.entitlements;
				CODE_SIGN_STYLE = Automatic;
				COMBINE_HIDPI_IMAGES = YES;
				CURRENT_PROJECT_VERSION = 1;
				ENABLE_PREVIEWS = YES;
				GENERATE_INFOPLIST_FILE = YES;
				INFOPLIST_KEY_NSHumanReadableCopyright = "";
				LD_RUNPATH_SEARCH_PATHS = (
					"$(inherited)",
					"@executable_path/../Frameworks",
				);
				MACOSX_DEPLOYMENT_TARGET = 12.3;
				MARKETING_VERSION = 1.0;
				PRODUCT_BUNDLE_IDENTIFIER = pashka.JustSample;
				PRODUCT_NAME = JustSample;
				SDKROOT = macosx;
				SWIFT_EMIT_LOC_STRINGS = YES;
				SWIFT_VERSION = 5.0;
			};
			name = Debug;
		};
		64D67B682A81126700969975 /* Release */ = {
			isa = XCBuildConfiguration;
			buildSettings = {
				ASSETCATALOG_COMPILER_APPICON_NAME = AppIcon;
				ASSETCATALOG_COMPILER_GLOBAL_ACCENT_COLOR_NAME = AccentColor;
				CODE_SIGN_ENTITLEMENTS = macOS/macOS.entitlements;
				CODE_SIGN_STYLE = Automatic;
				COMBINE_HIDPI_IMAGES = YES;
				CURRENT_PROJECT_VERSION = 1;
				ENABLE_PREVIEWS = YES;
				GENERATE_INFOPLIST_FILE = YES;
				INFOPLIST_KEY_NSHumanReadableCopyright = "";
				LD_RUNPATH_SEARCH_PATHS = (
					"$(inherited)",
					"@executable_path/../Frameworks",
				);
				MACOSX_DEPLOYMENT_TARGET = 12.3;
				MARKETING_VERSION = 1.0;
				PRODUCT_BUNDLE_IDENTIFIER = pashka.JustSample;
				PRODUCT_NAME = JustSample;
				SDKROOT = macosx;
				SWIFT_EMIT_LOC_STRINGS = YES;
				SWIFT_VERSION = 5.0;
			};
			name = Release;
		};
/* End XCBuildConfiguration section */

/* Begin XCConfigurationList section */
		64D67B492A81126300969975 /* Build configuration list for PBXProject "JustSample" */ = {
			isa = XCConfigurationList;
			buildConfigurations = (
				64D67B612A81126700969975 /* Debug */,
				64D67B622A81126700969975 /* Release */,
			);
			defaultConfigurationIsVisible = 0;
			defaultConfigurationName = Release;
		};
		64D67B632A81126700969975 /* Build configuration list for PBXNativeTarget "JustSample (iOS)" */ = {
			isa = XCConfigurationList;
			buildConfigurations = (
				64D67B642A81126700969975 /* Debug */,
				64D67B652A81126700969975 /* Release */,
			);
			defaultConfigurationIsVisible = 0;
			defaultConfigurationName = Release;
		};
		64D67B662A81126700969975 /* Build configuration list for PBXNativeTarget "JustSample (macOS)" */ = {
			isa = XCConfigurationList;
			buildConfigurations = (
				64D67B672A81126700969975 /* Debug */,
				64D67B682A81126700969975 /* Release */,
			);
			defaultConfigurationIsVisible = 0;
			defaultConfigurationName = Release;
		};
/* End XCConfigurationList section */
	};
	rootObject = 64D67B462A81126300969975 /* Project object */;
}
